// !$*UTF8*$!
{
	archiveVersion = 1;
	classes = {
	};
	objectVersion = 46;
	objects = {

/* Begin PBXBuildFile section */
		D3ED4B091E795E4D0057376E /* AppDelegate.swift in Sources */ = {isa = PBXBuildFile; fileRef = D3ED4B081E795E4D0057376E /* AppDelegate.swift */; };
		D3ED4B0B1E795E4D0057376E /* SignInVC.swift in Sources */ = {isa = PBXBuildFile; fileRef = D3ED4B0A1E795E4D0057376E /* SignInVC.swift */; };
		D3ED4B0E1E795E4D0057376E /* Main.storyboard in Resources */ = {isa = PBXBuildFile; fileRef = D3ED4B0C1E795E4D0057376E /* Main.storyboard */; };
		D3ED4B101E795E4D0057376E /* Assets.xcassets in Resources */ = {isa = PBXBuildFile; fileRef = D3ED4B0F1E795E4D0057376E /* Assets.xcassets */; };
		D3ED4B131E795E4D0057376E /* LaunchScreen.storyboard in Resources */ = {isa = PBXBuildFile; fileRef = D3ED4B111E795E4D0057376E /* LaunchScreen.storyboard */; };
		D3ED4B1B1E795F150057376E /* GoogleService-Info.plist in Resources */ = {isa = PBXBuildFile; fileRef = D3ED4B1A1E795F150057376E /* GoogleService-Info.plist */; };
		D3ED4B211E7A4AEF0057376E /* FancyView.swift in Sources */ = {isa = PBXBuildFile; fileRef = D3ED4B201E7A4AEF0057376E /* FancyView.swift */; };
		D3ED4B241E7A4E990057376E /* Constants.swift in Sources */ = {isa = PBXBuildFile; fileRef = D3ED4B231E7A4E990057376E /* Constants.swift */; };
		D3ED4B261E7A515B0057376E /* RoundBtn.swift in Sources */ = {isa = PBXBuildFile; fileRef = D3ED4B251E7A515B0057376E /* RoundBtn.swift */; };
		D3ED4B281E7A5EA70057376E /* FancyField.swift in Sources */ = {isa = PBXBuildFile; fileRef = D3ED4B271E7A5EA70057376E /* FancyField.swift */; };
		D3ED4B2A1E7A62810057376E /* FancyBtn.swift in Sources */ = {isa = PBXBuildFile; fileRef = D3ED4B291E7A62810057376E /* FancyBtn.swift */; };
		F2B895E8ED13B7C163E12F72 /* Pods_UdemySocialApp.framework in Frameworks */ = {isa = PBXBuildFile; fileRef = A404458EBDF419AD49328482 /* Pods_UdemySocialApp.framework */; };
/* End PBXBuildFile section */

/* Begin PBXFileReference section */
		4D0A43C6B9B86AFACA99D6F9 /* Pods-UdemySocialApp.debug.xcconfig */ = {isa = PBXFileReference; includeInIndex = 1; lastKnownFileType = text.xcconfig; name = "Pods-UdemySocialApp.debug.xcconfig"; path = "Pods/Target Support Files/Pods-UdemySocialApp/Pods-UdemySocialApp.debug.xcconfig"; sourceTree = "<group>"; };
		A404458EBDF419AD49328482 /* Pods_UdemySocialApp.framework */ = {isa = PBXFileReference; explicitFileType = wrapper.framework; includeInIndex = 0; path = Pods_UdemySocialApp.framework; sourceTree = BUILT_PRODUCTS_DIR; };
		D3ED4B051E795E4D0057376E /* UdemySocialApp.app */ = {isa = PBXFileReference; explicitFileType = wrapper.application; includeInIndex = 0; path = UdemySocialApp.app; sourceTree = BUILT_PRODUCTS_DIR; };
		D3ED4B081E795E4D0057376E /* AppDelegate.swift */ = {isa = PBXFileReference; lastKnownFileType = sourcecode.swift; path = AppDelegate.swift; sourceTree = "<group>"; };
		D3ED4B0A1E795E4D0057376E /* SignInVC.swift */ = {isa = PBXFileReference; lastKnownFileType = sourcecode.swift; name = SignInVC.swift; path = UdemySocialApp/SignInVC.swift; sourceTree = "<group>"; };
		D3ED4B0D1E795E4D0057376E /* Base */ = {isa = PBXFileReference; lastKnownFileType = file.storyboard; name = Base; path = Base.lproj/Main.storyboard; sourceTree = "<group>"; };
		D3ED4B0F1E795E4D0057376E /* Assets.xcassets */ = {isa = PBXFileReference; lastKnownFileType = folder.assetcatalog; path = Assets.xcassets; sourceTree = "<group>"; };
		D3ED4B121E795E4D0057376E /* Base */ = {isa = PBXFileReference; lastKnownFileType = file.storyboard; name = Base; path = Base.lproj/LaunchScreen.storyboard; sourceTree = "<group>"; };
		D3ED4B141E795E4D0057376E /* Info.plist */ = {isa = PBXFileReference; lastKnownFileType = text.plist.xml; path = Info.plist; sourceTree = "<group>"; };
		D3ED4B1A1E795F150057376E /* GoogleService-Info.plist */ = {isa = PBXFileReference; fileEncoding = 4; lastKnownFileType = text.plist.xml; path = "GoogleService-Info.plist"; sourceTree = "<group>"; };
		D3ED4B201E7A4AEF0057376E /* FancyView.swift */ = {isa = PBXFileReference; fileEncoding = 4; lastKnownFileType = sourcecode.swift; path = FancyView.swift; sourceTree = "<group>"; };
		D3ED4B231E7A4E990057376E /* Constants.swift */ = {isa = PBXFileReference; fileEncoding = 4; lastKnownFileType = sourcecode.swift; path = Constants.swift; sourceTree = "<group>"; };
		D3ED4B251E7A515B0057376E /* RoundBtn.swift */ = {isa = PBXFileReference; fileEncoding = 4; lastKnownFileType = sourcecode.swift; path = RoundBtn.swift; sourceTree = "<group>"; };
		D3ED4B271E7A5EA70057376E /* FancyField.swift */ = {isa = PBXFileReference; fileEncoding = 4; lastKnownFileType = sourcecode.swift; path = FancyField.swift; sourceTree = "<group>"; };
		D3ED4B291E7A62810057376E /* FancyBtn.swift */ = {isa = PBXFileReference; fileEncoding = 4; lastKnownFileType = sourcecode.swift; path = FancyBtn.swift; sourceTree = "<group>"; };
		F570AE94DB1B1459FD52A0BB /* Pods-UdemySocialApp.release.xcconfig */ = {isa = PBXFileReference; includeInIndex = 1; lastKnownFileType = text.xcconfig; name = "Pods-UdemySocialApp.release.xcconfig"; path = "Pods/Target Support Files/Pods-UdemySocialApp/Pods-UdemySocialApp.release.xcconfig"; sourceTree = "<group>"; };
/* End PBXFileReference section */

/* Begin PBXFrameworksBuildPhase section */
		D3ED4B021E795E4D0057376E /* Frameworks */ = {
			isa = PBXFrameworksBuildPhase;
			buildActionMask = 2147483647;
			files = (
				F2B895E8ED13B7C163E12F72 /* Pods_UdemySocialApp.framework in Frameworks */,
			);
			runOnlyForDeploymentPostprocessing = 0;
		};
/* End PBXFrameworksBuildPhase section */

/* Begin PBXGroup section */
		1C420CDCEEA70173430B7BDF /* Frameworks */ = {
			isa = PBXGroup;
			children = (
				A404458EBDF419AD49328482 /* Pods_UdemySocialApp.framework */,
			);
			name = Frameworks;
			sourceTree = "<group>";
		};
		54BF1A47BFA31DA3E8DF7FE4 /* Pods */ = {
			isa = PBXGroup;
			children = (
				4D0A43C6B9B86AFACA99D6F9 /* Pods-UdemySocialApp.debug.xcconfig */,
				F570AE94DB1B1459FD52A0BB /* Pods-UdemySocialApp.release.xcconfig */,
			);
			name = Pods;
			sourceTree = "<group>";
		};
		D3ED4AFC1E795E4D0057376E = {
			isa = PBXGroup;
			children = (
				D3ED4B071E795E4D0057376E /* UdemySocialApp */,
				D3ED4B061E795E4D0057376E /* Products */,
				54BF1A47BFA31DA3E8DF7FE4 /* Pods */,
				1C420CDCEEA70173430B7BDF /* Frameworks */,
			);
			sourceTree = "<group>";
		};
		D3ED4B061E795E4D0057376E /* Products */ = {
			isa = PBXGroup;
			children = (
				D3ED4B051E795E4D0057376E /* UdemySocialApp.app */,
			);
			name = Products;
			sourceTree = "<group>";
		};
		D3ED4B071E795E4D0057376E /* UdemySocialApp */ = {
			isa = PBXGroup;
			children = (
				D3ED4B221E7A4E6D0057376E /* Util */,
				D3ED4B1F1E7966170057376E /* Model */,
				D3ED4B1E1E79660E0057376E /* View */,
				D3ED4B1C1E7965F40057376E /* Controller */,
				D3ED4B081E795E4D0057376E /* AppDelegate.swift */,
				D3ED4B0C1E795E4D0057376E /* Main.storyboard */,
				D3ED4B0F1E795E4D0057376E /* Assets.xcassets */,
				D3ED4B111E795E4D0057376E /* LaunchScreen.storyboard */,
				D3ED4B141E795E4D0057376E /* Info.plist */,
				D3ED4B1A1E795F150057376E /* GoogleService-Info.plist */,
			);
			path = UdemySocialApp;
			sourceTree = "<group>";
		};
		D3ED4B1C1E7965F40057376E /* Controller */ = {
			isa = PBXGroup;
			children = (
				D3ED4B0A1E795E4D0057376E /* SignInVC.swift */,
			);
			name = Controller;
			path = ..;
			sourceTree = "<group>";
		};
		D3ED4B1E1E79660E0057376E /* View */ = {
			isa = PBXGroup;
			children = (
				D3ED4B201E7A4AEF0057376E /* FancyView.swift */,
				D3ED4B251E7A515B0057376E /* RoundBtn.swift */,
				D3ED4B271E7A5EA70057376E /* FancyField.swift */,
				D3ED4B291E7A62810057376E /* FancyBtn.swift */,
			);
			name = View;
			path = ..;
			sourceTree = "<group>";
		};
		D3ED4B1F1E7966170057376E /* Model */ = {
			isa = PBXGroup;
			children = (
			);
			name = Model;
			path = ..;
			sourceTree = "<group>";
		};
		D3ED4B221E7A4E6D0057376E /* Util */ = {
			isa = PBXGroup;
			children = (
				D3ED4B231E7A4E990057376E /* Constants.swift */,
			);
			name = Util;
			sourceTree = "<group>";
		};
/* End PBXGroup section */

/* Begin PBXNativeTarget section */
		D3ED4B041E795E4D0057376E /* UdemySocialApp */ = {
			isa = PBXNativeTarget;
			buildConfigurationList = D3ED4B171E795E4D0057376E /* Build configuration list for PBXNativeTarget "UdemySocialApp" */;
			buildPhases = (
				38957DE3EFD5AFB8797E23C3 /* [CP] Check Pods Manifest.lock */,
				D3ED4B011E795E4D0057376E /* Sources */,
				D3ED4B021E795E4D0057376E /* Frameworks */,
				D3ED4B031E795E4D0057376E /* Resources */,
				E402A291A8E81D558F6F9CF0 /* [CP] Embed Pods Frameworks */,
				61C138DABCEDED6897F3849A /* [CP] Copy Pods Resources */,
			);
			buildRules = (
			);
			dependencies = (
			);
			name = UdemySocialApp;
			productName = UdemySocialApp;
			productReference = D3ED4B051E795E4D0057376E /* UdemySocialApp.app */;
			productType = "com.apple.product-type.application";
		};
/* End PBXNativeTarget section */

/* Begin PBXProject section */
		D3ED4AFD1E795E4D0057376E /* Project object */ = {
			isa = PBXProject;
			attributes = {
				LastSwiftUpdateCheck = 0820;
				LastUpgradeCheck = 0820;
				ORGANIZATIONNAME = yoki;
				TargetAttributes = {
					D3ED4B041E795E4D0057376E = {
						CreatedOnToolsVersion = 8.2.1;
						ProvisioningStyle = Automatic;
					};
				};
			};
			buildConfigurationList = D3ED4B001E795E4D0057376E /* Build configuration list for PBXProject "UdemySocialApp" */;
			compatibilityVersion = "Xcode 3.2";
			developmentRegion = English;
			hasScannedForEncodings = 0;
			knownRegions = (
				en,
				Base,
			);
			mainGroup = D3ED4AFC1E795E4D0057376E;
			productRefGroup = D3ED4B061E795E4D0057376E /* Products */;
			projectDirPath = "";
			projectRoot = "";
			targets = (
				D3ED4B041E795E4D0057376E /* UdemySocialApp */,
			);
		};
/* End PBXProject section */

/* Begin PBXResourcesBuildPhase section */
		D3ED4B031E795E4D0057376E /* Resources */ = {
			isa = PBXResourcesBuildPhase;
			buildActionMask = 2147483647;
			files = (
				D3ED4B131E795E4D0057376E /* LaunchScreen.storyboard in Resources */,
				D3ED4B1B1E795F150057376E /* GoogleService-Info.plist in Resources */,
				D3ED4B101E795E4D0057376E /* Assets.xcassets in Resources */,
				D3ED4B0E1E795E4D0057376E /* Main.storyboard in Resources */,
			);
			runOnlyForDeploymentPostprocessing = 0;
		};
/* End PBXResourcesBuildPhase section */

/* Begin PBXShellScriptBuildPhase section */
		38957DE3EFD5AFB8797E23C3 /* [CP] Check Pods Manifest.lock */ = {
			isa = PBXShellScriptBuildPhase;
			buildActionMask = 2147483647;
			files = (
			);
			inputPaths = (
			);
			name = "[CP] Check Pods Manifest.lock";
			outputPaths = (
			);
			runOnlyForDeploymentPostprocessing = 0;
			shellPath = /bin/sh;
			shellScript = "diff \"${PODS_ROOT}/../Podfile.lock\" \"${PODS_ROOT}/Manifest.lock\" > /dev/null\nif [ $? != 0 ] ; then\n    # print error to STDERR\n    echo \"error: The sandbox is not in sync with the Podfile.lock. Run 'pod install' or update your CocoaPods installation.\" >&2\n    exit 1\nfi\n";
			showEnvVarsInLog = 0;
		};
		61C138DABCEDED6897F3849A /* [CP] Copy Pods Resources */ = {
			isa = PBXShellScriptBuildPhase;
			buildActionMask = 2147483647;
			files = (
			);
			inputPaths = (
			);
			name = "[CP] Copy Pods Resources";
			outputPaths = (
			);
			runOnlyForDeploymentPostprocessing = 0;
			shellPath = /bin/sh;
			shellScript = "\"${SRCROOT}/Pods/Target Support Files/Pods-UdemySocialApp/Pods-UdemySocialApp-resources.sh\"\n";
			showEnvVarsInLog = 0;
		};
		E402A291A8E81D558F6F9CF0 /* [CP] Embed Pods Frameworks */ = {
			isa = PBXShellScriptBuildPhase;
			buildActionMask = 2147483647;
			files = (
			);
			inputPaths = (
			);
			name = "[CP] Embed Pods Frameworks";
			outputPaths = (
			);
			runOnlyForDeploymentPostprocessing = 0;
			shellPath = /bin/sh;
			shellScript = "\"${SRCROOT}/Pods/Target Support Files/Pods-UdemySocialApp/Pods-UdemySocialApp-frameworks.sh\"\n";
			showEnvVarsInLog = 0;
		};
/* End PBXShellScriptBuildPhase section */

/* Begin PBXSourcesBuildPhase section */
		D3ED4B011E795E4D0057376E /* Sources */ = {
			isa = PBXSourcesBuildPhase;
			buildActionMask = 2147483647;
			files = (
				D3ED4B281E7A5EA70057376E /* FancyField.swift in Sources */,
				D3ED4B0B1E795E4D0057376E /* SignInVC.swift in Sources */,
				D3ED4B261E7A515B0057376E /* RoundBtn.swift in Sources */,
				D3ED4B091E795E4D0057376E /* AppDelegate.swift in Sources */,
				D3ED4B241E7A4E990057376E /* Constants.swift in Sources */,
				D3ED4B211E7A4AEF0057376E /* FancyView.swift in Sources */,
				D3ED4B2A1E7A62810057376E /* FancyBtn.swift in Sources */,
			);
			runOnlyForDeploymentPostprocessing = 0;
		};
/* End PBXSourcesBuildPhase section */

/* Begin PBXVariantGroup section */
		D3ED4B0C1E795E4D0057376E /* Main.storyboard */ = {
			isa = PBXVariantGroup;
			children = (
				D3ED4B0D1E795E4D0057376E /* Base */,
			);
			name = Main.storyboard;
			sourceTree = "<group>";
		};
		D3ED4B111E795E4D0057376E /* LaunchScreen.storyboard */ = {
			isa = PBXVariantGroup;
			children = (
				D3ED4B121E795E4D0057376E /* Base */,
			);
			name = LaunchScreen.storyboard;
			sourceTree = "<group>";
		};
/* End PBXVariantGroup section */

/* Begin XCBuildConfiguration section */
		D3ED4B151E795E4D0057376E /* Debug */ = {
			isa = XCBuildConfiguration;
			buildSettings = {
				ALWAYS_SEARCH_USER_PATHS = NO;
				CLANG_ANALYZER_NONNULL = YES;
				CLANG_CXX_LANGUAGE_STANDARD = "gnu++0x";
				CLANG_CXX_LIBRARY = "libc++";
				CLANG_ENABLE_MODULES = YES;
				CLANG_ENABLE_OBJC_ARC = YES;
				CLANG_WARN_BOOL_CONVERSION = YES;
				CLANG_WARN_CONSTANT_CONVERSION = YES;
				CLANG_WARN_DIRECT_OBJC_ISA_USAGE = YES_ERROR;
				CLANG_WARN_DOCUMENTATION_COMMENTS = YES;
				CLANG_WARN_EMPTY_BODY = YES;
				CLANG_WARN_ENUM_CONVERSION = YES;
				CLANG_WARN_INFINITE_RECURSION = YES;
				CLANG_WARN_INT_CONVERSION = YES;
				CLANG_WARN_OBJC_ROOT_CLASS = YES_ERROR;
				CLANG_WARN_SUSPICIOUS_MOVE = YES;
				CLANG_WARN_UNREACHABLE_CODE = YES;
				CLANG_WARN__DUPLICATE_METHOD_MATCH = YES;
				"CODE_SIGN_IDENTITY[sdk=iphoneos*]" = "iPhone Developer";
				COPY_PHASE_STRIP = NO;
				DEBUG_INFORMATION_FORMAT = dwarf;
				ENABLE_STRICT_OBJC_MSGSEND = YES;
				ENABLE_TESTABILITY = YES;
				GCC_C_LANGUAGE_STANDARD = gnu99;
				GCC_DYNAMIC_NO_PIC = NO;
				GCC_NO_COMMON_BLOCKS = YES;
				GCC_OPTIMIZATION_LEVEL = 0;
				GCC_PREPROCESSOR_DEFINITIONS = (
					"DEBUG=1",
					"$(inherited)",
				);
				GCC_WARN_64_TO_32_BIT_CONVERSION = YES;
				GCC_WARN_ABOUT_RETURN_TYPE = YES_ERROR;
				GCC_WARN_UNDECLARED_SELECTOR = YES;
				GCC_WARN_UNINITIALIZED_AUTOS = YES_AGGRESSIVE;
				GCC_WARN_UNUSED_FUNCTION = YES;
				GCC_WARN_UNUSED_VARIABLE = YES;
				IPHONEOS_DEPLOYMENT_TARGET = 10.2;
				MTL_ENABLE_DEBUG_INFO = YES;
				ONLY_ACTIVE_ARCH = YES;
				SDKROOT = iphoneos;
				SWIFT_ACTIVE_COMPILATION_CONDITIONS = DEBUG;
				SWIFT_OPTIMIZATION_LEVEL = "-Onone";
			};
			name = Debug;
		};
		D3ED4B161E795E4D0057376E /* Release */ = {
			isa = XCBuildConfiguration;
			buildSettings = {
				ALWAYS_SEARCH_USER_PATHS = NO;
				CLANG_ANALYZER_NONNULL = YES;
				CLANG_CXX_LANGUAGE_STANDARD = "gnu++0x";
				CLANG_CXX_LIBRARY = "libc++";
				CLANG_ENABLE_MODULES = YES;
				CLANG_ENABLE_OBJC_ARC = YES;
				CLANG_WARN_BOOL_CONVERSION = YES;
				CLANG_WARN_CONSTANT_CONVERSION = YES;
				CLANG_WARN_DIRECT_OBJC_ISA_USAGE = YES_ERROR;
				CLANG_WARN_DOCUMENTATION_COMMENTS = YES;
				CLANG_WARN_EMPTY_BODY = YES;
				CLANG_WARN_ENUM_CONVERSION = YES;
				CLANG_WARN_INFINITE_RECURSION = YES;
				CLANG_WARN_INT_CONVERSION = YES;
				CLANG_WARN_OBJC_ROOT_CLASS = YES_ERROR;
				CLANG_WARN_SUSPICIOUS_MOVE = YES;
				CLANG_WARN_UNREACHABLE_CODE = YES;
				CLANG_WARN__DUPLICATE_METHOD_MATCH = YES;
				"CODE_SIGN_IDENTITY[sdk=iphoneos*]" = "iPhone Developer";
				COPY_PHASE_STRIP = NO;
				DEBUG_INFORMATION_FORMAT = "dwarf-with-dsym";
				ENABLE_NS_ASSERTIONS = NO;
				ENABLE_STRICT_OBJC_MSGSEND = YES;
				GCC_C_LANGUAGE_STANDARD = gnu99;
				GCC_NO_COMMON_BLOCKS = YES;
				GCC_WARN_64_TO_32_BIT_CONVERSION = YES;
				GCC_WARN_ABOUT_RETURN_TYPE = YES_ERROR;
				GCC_WARN_UNDECLARED_SELECTOR = YES;
				GCC_WARN_UNINITIALIZED_AUTOS = YES_AGGRESSIVE;
				GCC_WARN_UNUSED_FUNCTION = YES;
				GCC_WARN_UNUSED_VARIABLE = YES;
				IPHONEOS_DEPLOYMENT_TARGET = 10.2;
				MTL_ENABLE_DEBUG_INFO = NO;
				SDKROOT = iphoneos;
				SWIFT_OPTIMIZATION_LEVEL = "-Owholemodule";
				VALIDATE_PRODUCT = YES;
			};
			name = Release;
		};
		D3ED4B181E795E4D0057376E /* Debug */ = {
			isa = XCBuildConfiguration;
			baseConfigurationReference = 4D0A43C6B9B86AFACA99D6F9 /* Pods-UdemySocialApp.debug.xcconfig */;
			buildSettings = {
				ASSETCATALOG_COMPILER_APPICON_NAME = AppIcon;
				INFOPLIST_FILE = UdemySocialApp/Info.plist;
				LD_RUNPATH_SEARCH_PATHS = "$(inherited) @executable_path/Frameworks";
				PRODUCT_BUNDLE_IDENTIFIER = com.yyokii.UdemySocialApp;
				PRODUCT_NAME = "$(TARGET_NAME)";
				SWIFT_VERSION = 3.0;
			};
			name = Debug;
		};
		D3ED4B191E795E4D0057376E /* Release */ = {
			isa = XCBuildConfiguration;
			baseConfigurationReference = F570AE94DB1B1459FD52A0BB /* Pods-UdemySocialApp.release.xcconfig */;
			buildSettings = {
				ASSETCATALOG_COMPILER_APPICON_NAME = AppIcon;
				INFOPLIST_FILE = UdemySocialApp/Info.plist;
				LD_RUNPATH_SEARCH_PATHS = "$(inherited) @executable_path/Frameworks";
				PRODUCT_BUNDLE_IDENTIFIER = com.yyokii.UdemySocialApp;
				PRODUCT_NAME = "$(TARGET_NAME)";
				SWIFT_VERSION = 3.0;
			};
			name = Release;
		};
/* End XCBuildConfiguration section */

/* Begin XCConfigurationList section */
		D3ED4B001E795E4D0057376E /* Build configuration list for PBXProject "UdemySocialApp" */ = {
			isa = XCConfigurationList;
			buildConfigurations = (
				D3ED4B151E795E4D0057376E /* Debug */,
				D3ED4B161E795E4D0057376E /* Release */,
			);
			defaultConfigurationIsVisible = 0;
			defaultConfigurationName = Release;
		};
		D3ED4B171E795E4D0057376E /* Build configuration list for PBXNativeTarget "UdemySocialApp" */ = {
			isa = XCConfigurationList;
			buildConfigurations = (
				D3ED4B181E795E4D0057376E /* Debug */,
				D3ED4B191E795E4D0057376E /* Release */,
			);
			defaultConfigurationIsVisible = 0;
			defaultConfigurationName = Release;
		};
/* End XCConfigurationList section */
	};
	rootObject = D3ED4AFD1E795E4D0057376E /* Project object */;
}
